
Microsoft Visual Studio Solution File, Format Version 12.00
# Visual Studio Version 17
VisualStudioVersion = 17.0.31912.275
MinimumVisualStudioVersion = 10.0.40219.1
Project("{9A19103F-16F7-4668-BE54-9A1E7A4F7556}") = "FooBarServiceTracker.Api", "FooBarServiceTracker.Api\FooBarServiceTracker.Api.csproj", "{CF4444AB-C7DA-486A-9166-A94025874E29}"
EndProject
Project("{9A19103F-16F7-4668-BE54-9A1E7A4F7556}") = "FooBarServiceTracker.Tests", "FooBarServiceTracker.Tests\FooBarServiceTracker.Tests.csproj", "{2B3B8AD6-5090-4A7D-AA3D-465B8A436E0A}"
EndProject
Global
	GlobalSection(SolutionConfigurationPlatforms) = preSolution
		Debug|Any CPU = Debug|Any CPU
		Release|Any CPU = Release|Any CPU
	EndGlobalSection
	GlobalSection(ProjectConfigurationPlatforms) = postSolution
		{CF4444AB-C7DA-486A-9166-A94025874E29}.Debug|Any CPU.ActiveCfg = Debug|Any CPU
		{CF4444AB-C7DA-486A-9166-A94025874E29}.Debug|Any CPU.Build.0 = Debug|Any CPU
		{CF4444AB-C7DA-486A-9166-A94025874E29}.Release|Any CPU.ActiveCfg = Release|Any CPU
		{CF4444AB-C7DA-486A-9166-A94025874E29}.Release|Any CPU.Build.0 = Release|Any CPU
		{2B3B8AD6-5090-4A7D-AA3D-465B8A436E0A}.Debug|Any CPU.ActiveCfg = Debug|Any CPU
		{2B3B8AD6-5090-4A7D-AA3D-465B8A436E0A}.Debug|Any CPU.Build.0 = Debug|Any CPU
		{2B3B8AD6-5090-4A7D-AA3D-465B8A436E0A}.Release|Any CPU.ActiveCfg = Release|Any CPU
		{2B3B8AD6-5090-4A7D-AA3D-465B8A436E0A}.Release|Any CPU.Build.0 = Release|Any CPU
	EndGlobalSection
	GlobalSection(SolutionProperties) = preSolution
		HideSolutionNode = FALSE
	EndGlobalSection
	GlobalSection(ExtensibilityGlobals) = postSolution
		SolutionGuid = {0231837F-ED7D-4E15-8DC3-1557B6AE0C22}
	EndGlobalSection
EndGlobal
